
Microsoft Visual Studio Solution File, Format Version 12.00
# Visual Studio Version 17
VisualStudioVersion = 17.3.32825.248
MinimumVisualStudioVersion = 10.0.40219.1
Project("{FAE04EC0-301F-11D3-BF4B-00C04F79EFBC}") = "черновикCSHARP", "черновикCSHARP\черновикCSHARP.csproj", "{A6DEA619-718E-400A-9267-E9C4DEB07789}"
EndProject
Global
	GlobalSection(SolutionConfigurationPlatforms) = preSolution
		Debug|Any CPU = Debug|Any CPU
		Release|Any CPU = Release|Any CPU
	EndGlobalSection
	GlobalSection(ProjectConfigurationPlatforms) = postSolution
		{A6DEA619-718E-400A-9267-E9C4DEB07789}.Debug|Any CPU.ActiveCfg = Debug|Any CPU
		{A6DEA619-718E-400A-9267-E9C4DEB07789}.Debug|Any CPU.Build.0 = Debug|Any CPU
		{A6DEA619-718E-400A-9267-E9C4DEB07789}.Release|Any CPU.ActiveCfg = Release|Any CPU
		{A6DEA619-718E-400A-9267-E9C4DEB07789}.Release|Any CPU.Build.0 = Release|Any CPU
	EndGlobalSection
	GlobalSection(SolutionProperties) = preSolution
		HideSolutionNode = FALSE
	EndGlobalSection
	GlobalSection(ExtensibilityGlobals) = postSolution
		SolutionGuid = {B8352880-65D1-476C-922F-1B7A7C8A9335}
	EndGlobalSection
EndGlobal
